// !$*UTF8*$!
{
	archiveVersion = 1;
	classes = {
	};
	objectVersion = 48;
	objects = {

/* Begin PBXBuildFile section */
		1E8FC0491F9FE20E00A68CD2 /* classeRisposta.swift in Sources */ = {isa = PBXBuildFile; fileRef = 1E8FC0481F9FE20E00A68CD2 /* classeRisposta.swift */; };
		1E8FC04B1F9FE25100A68CD2 /* MiaClasse.swift in Sources */ = {isa = PBXBuildFile; fileRef = 1E8FC04A1F9FE25100A68CD2 /* MiaClasse.swift */; };
		1EA896FC1F9F6C8C00038039 /* AppDelegate.swift in Sources */ = {isa = PBXBuildFile; fileRef = 1EA896FB1F9F6C8C00038039 /* AppDelegate.swift */; };
		1EA896FE1F9F6C8C00038039 /* ViewController.swift in Sources */ = {isa = PBXBuildFile; fileRef = 1EA896FD1F9F6C8C00038039 /* ViewController.swift */; };
		1EA897011F9F6C8C00038039 /* Main.storyboard in Resources */ = {isa = PBXBuildFile; fileRef = 1EA896FF1F9F6C8C00038039 /* Main.storyboard */; };
		1EA897031F9F6C8C00038039 /* Assets.xcassets in Resources */ = {isa = PBXBuildFile; fileRef = 1EA897021F9F6C8C00038039 /* Assets.xcassets */; };
		1EA897061F9F6C8C00038039 /* LaunchScreen.storyboard in Resources */ = {isa = PBXBuildFile; fileRef = 1EA897041F9F6C8C00038039 /* LaunchScreen.storyboard */; };
/* End PBXBuildFile section */

/* Begin PBXFileReference section */
		1E8FC0481F9FE20E00A68CD2 /* classeRisposta.swift */ = {isa = PBXFileReference; lastKnownFileType = sourcecode.swift; path = classeRisposta.swift; sourceTree = "<group>"; };
		1E8FC04A1F9FE25100A68CD2 /* MiaClasse.swift */ = {isa = PBXFileReference; lastKnownFileType = sourcecode.swift; path = MiaClasse.swift; sourceTree = "<group>"; };
		1EA896F81F9F6C8C00038039 /* TestJson.app */ = {isa = PBXFileReference; explicitFileType = wrapper.application; includeInIndex = 0; path = TestJson.app; sourceTree = BUILT_PRODUCTS_DIR; };
		1EA896FB1F9F6C8C00038039 /* AppDelegate.swift */ = {isa = PBXFileReference; lastKnownFileType = sourcecode.swift; path = AppDelegate.swift; sourceTree = "<group>"; };
		1EA896FD1F9F6C8C00038039 /* ViewController.swift */ = {isa = PBXFileReference; lastKnownFileType = sourcecode.swift; path = ViewController.swift; sourceTree = "<group>"; };
		1EA897001F9F6C8C00038039 /* Base */ = {isa = PBXFileReference; lastKnownFileType = file.storyboard; name = Base; path = Base.lproj/Main.storyboard; sourceTree = "<group>"; };
		1EA897021F9F6C8C00038039 /* Assets.xcassets */ = {isa = PBXFileReference; lastKnownFileType = folder.assetcatalog; path = Assets.xcassets; sourceTree = "<group>"; };
		1EA897051F9F6C8C00038039 /* Base */ = {isa = PBXFileReference; lastKnownFileType = file.storyboard; name = Base; path = Base.lproj/LaunchScreen.storyboard; sourceTree = "<group>"; };
		1EA897071F9F6C8C00038039 /* Info.plist */ = {isa = PBXFileReference; lastKnownFileType = text.plist.xml; path = Info.plist; sourceTree = "<group>"; };
/* End PBXFileReference section */

/* Begin PBXFrameworksBuildPhase section */
		1EA896F51F9F6C8C00038039 /* Frameworks */ = {
			isa = PBXFrameworksBuildPhase;
			buildActionMask = 2147483647;
			files = (
			);
			runOnlyForDeploymentPostprocessing = 0;
		};
/* End PBXFrameworksBuildPhase section */

/* Begin PBXGroup section */
		1EA896EF1F9F6C8C00038039 = {
			isa = PBXGroup;
			children = (
				1EA896FA1F9F6C8C00038039 /* TestJson */,
				1EA896F91F9F6C8C00038039 /* Products */,
			);
			sourceTree = "<group>";
		};
		1EA896F91F9F6C8C00038039 /* Products */ = {
			isa = PBXGroup;
			children = (
				1EA896F81F9F6C8C00038039 /* TestJson.app */,
			);
			name = Products;
			sourceTree = "<group>";
		};
		1EA896FA1F9F6C8C00038039 /* TestJson */ = {
			isa = PBXGroup;
			children = (
				1EA896FB1F9F6C8C00038039 /* AppDelegate.swift */,
				1EA896FD1F9F6C8C00038039 /* ViewController.swift */,
				1EA896FF1F9F6C8C00038039 /* Main.storyboard */,
				1EA897021F9F6C8C00038039 /* Assets.xcassets */,
				1EA897041F9F6C8C00038039 /* LaunchScreen.storyboard */,
				1EA897071F9F6C8C00038039 /* Info.plist */,
				1E8FC0481F9FE20E00A68CD2 /* classeRisposta.swift */,
				1E8FC04A1F9FE25100A68CD2 /* MiaClasse.swift */,
			);
			path = TestJson;
			sourceTree = "<group>";
		};
/* End PBXGroup section */

/* Begin PBXNativeTarget section */
		1EA896F71F9F6C8C00038039 /* TestJson */ = {
			isa = PBXNativeTarget;
			buildConfigurationList = 1EA8970A1F9F6C8C00038039 /* Build configuration list for PBXNativeTarget "TestJson" */;
			buildPhases = (
				1EA896F41F9F6C8C00038039 /* Sources */,
				1EA896F51F9F6C8C00038039 /* Frameworks */,
				1EA896F61F9F6C8C00038039 /* Resources */,
			);
			buildRules = (
			);
			dependencies = (
			);
			name = TestJson;
			productName = TestJson;
			productReference = 1EA896F81F9F6C8C00038039 /* TestJson.app */;
			productType = "com.apple.product-type.application";
		};
/* End PBXNativeTarget section */

/* Begin PBXProject section */
		1EA896F01F9F6C8C00038039 /* Project object */ = {
			isa = PBXProject;
			attributes = {
				LastSwiftUpdateCheck = 0900;
				LastUpgradeCheck = 0900;
				ORGANIZATIONNAME = "Modi Nuovi";
				TargetAttributes = {
					1EA896F71F9F6C8C00038039 = {
						CreatedOnToolsVersion = 9.0.1;
						ProvisioningStyle = Automatic;
					};
				};
			};
			buildConfigurationList = 1EA896F31F9F6C8C00038039 /* Build configuration list for PBXProject "TestJson" */;
			compatibilityVersion = "Xcode 8.0";
			developmentRegion = en;
			hasScannedForEncodings = 0;
			knownRegions = (
				en,
				Base,
			);
			mainGroup = 1EA896EF1F9F6C8C00038039;
			productRefGroup = 1EA896F91F9F6C8C00038039 /* Products */;
			projectDirPath = "";
			projectRoot = "";
			targets = (
				1EA896F71F9F6C8C00038039 /* TestJson */,
			);
		};
/* End PBXProject section */

/* Begin PBXResourcesBuildPhase section */
		1EA896F61F9F6C8C00038039 /* Resources */ = {
			isa = PBXResourcesBuildPhase;
			buildActionMask = 2147483647;
			files = (
				1EA897061F9F6C8C00038039 /* LaunchScreen.storyboard in Resources */,
				1EA897031F9F6C8C00038039 /* Assets.xcassets in Resources */,
				1EA897011F9F6C8C00038039 /* Main.storyboard in Resources */,
			);
			runOnlyForDeploymentPostprocessing = 0;
		};
/* End PBXResourcesBuildPhase section */

/* Begin PBXSourcesBuildPhase section */
		1EA896F41F9F6C8C00038039 /* Sources */ = {
			isa = PBXSourcesBuildPhase;
			buildActionMask = 2147483647;
			files = (
				1E8FC04B1F9FE25100A68CD2 /* MiaClasse.swift in Sources */,
				1EA896FE1F9F6C8C00038039 /* ViewController.swift in Sources */,
				1EA896FC1F9F6C8C00038039 /* AppDelegate.swift in Sources */,
				1E8FC0491F9FE20E00A68CD2 /* classeRisposta.swift in Sources */,
			);
			runOnlyForDeploymentPostprocessing = 0;
		};
/* End PBXSourcesBuildPhase section */

/* Begin PBXVariantGroup section */
		1EA896FF1F9F6C8C00038039 /* Main.storyboard */ = {
			isa = PBXVariantGroup;
			children = (
				1EA897001F9F6C8C00038039 /* Base */,
			);
			name = Main.storyboard;
			sourceTree = "<group>";
		};
		1EA897041F9F6C8C00038039 /* LaunchScreen.storyboard */ = {
			isa = PBXVariantGroup;
			children = (
				1EA897051F9F6C8C00038039 /* Base */,
			);
			name = LaunchScreen.storyboard;
			sourceTree = "<group>";
		};
/* End PBXVariantGroup section */

/* Begin XCBuildConfiguration section */
		1EA897081F9F6C8C00038039 /* Debug */ = {
			isa = XCBuildConfiguration;
			buildSettings = {
				ALWAYS_SEARCH_USER_PATHS = NO;
				CLANG_ANALYZER_NONNULL = YES;
				CLANG_ANALYZER_NUMBER_OBJECT_CONVERSION = YES_AGGRESSIVE;
				CLANG_CXX_LANGUAGE_STANDARD = "gnu++14";
				CLANG_CXX_LIBRARY = "libc++";
				CLANG_ENABLE_MODULES = YES;
				CLANG_ENABLE_OBJC_ARC = YES;
				CLANG_WARN_BLOCK_CAPTURE_AUTORELEASING = YES;
				CLANG_WARN_BOOL_CONVERSION = YES;
				CLANG_WARN_COMMA = YES;
				CLANG_WARN_CONSTANT_CONVERSION = YES;
				CLANG_WARN_DIRECT_OBJC_ISA_USAGE = YES_ERROR;
				CLANG_WARN_DOCUMENTATION_COMMENTS = YES;
				CLANG_WARN_EMPTY_BODY = YES;
				CLANG_WARN_ENUM_CONVERSION = YES;
				CLANG_WARN_INFINITE_RECURSION = YES;
				CLANG_WARN_INT_CONVERSION = YES;
				CLANG_WARN_NON_LITERAL_NULL_CONVERSION = YES;
				CLANG_WARN_OBJC_LITERAL_CONVERSION = YES;
				CLANG_WARN_OBJC_ROOT_CLASS = YES_ERROR;
				CLANG_WARN_RANGE_LOOP_ANALYSIS = YES;
				CLANG_WARN_STRICT_PROTOTYPES = YES;
				CLANG_WARN_SUSPICIOUS_MOVE = YES;
				CLANG_WARN_UNGUARDED_AVAILABILITY = YES_AGGRESSIVE;
				CLANG_WARN_UNREACHABLE_CODE = YES;
				CLANG_WARN__DUPLICATE_METHOD_MATCH = YES;
				CODE_SIGN_IDENTITY = "iPhone Developer";
				COPY_PHASE_STRIP = NO;
				DEBUG_INFORMATION_FORMAT = dwarf;
				ENABLE_STRICT_OBJC_MSGSEND = YES;
				ENABLE_TESTABILITY = YES;
				GCC_C_LANGUAGE_STANDARD = gnu11;
				GCC_DYNAMIC_NO_PIC = NO;
				GCC_NO_COMMON_BLOCKS = YES;
				GCC_OPTIMIZATION_LEVEL = 0;
				GCC_PREPROCESSOR_DEFINITIONS = (
					"DEBUG=1",
					"$(inherited)",
				);
				GCC_WARN_64_TO_32_BIT_CONVERSION = YES;
				GCC_WARN_ABOUT_RETURN_TYPE = YES_ERROR;
				GCC_WARN_UNDECLARED_SELECTOR = YES;
				GCC_WARN_UNINITIALIZED_AUTOS = YES_AGGRESSIVE;
				GCC_WARN_UNUSED_FUNCTION = YES;
				GCC_WARN_UNUSED_VARIABLE = YES;
				IPHONEOS_DEPLOYMENT_TARGET = 11.0;
				MTL_ENABLE_DEBUG_INFO = YES;
				ONLY_ACTIVE_ARCH = YES;
				SDKROOT = iphoneos;
				SWIFT_ACTIVE_COMPILATION_CONDITIONS = DEBUG;
				SWIFT_OPTIMIZATION_LEVEL = "-Onone";
			};
			name = Debug;
		};
		1EA897091F9F6C8C00038039 /* Release */ = {
			isa = XCBuildConfiguration;
			buildSettings = {
				ALWAYS_SEARCH_USER_PATHS = NO;
				CLANG_ANALYZER_NONNULL = YES;
				CLANG_ANALYZER_NUMBER_OBJECT_CONVERSION = YES_AGGRESSIVE;
				CLANG_CXX_LANGUAGE_STANDARD = "gnu++14";
				CLANG_CXX_LIBRARY = "libc++";
				CLANG_ENABLE_MODULES = YES;
				CLANG_ENABLE_OBJC_ARC = YES;
				CLANG_WARN_BLOCK_CAPTURE_AUTORELEASING = YES;
				CLANG_WARN_BOOL_CONVERSION = YES;
				CLANG_WARN_COMMA = YES;
				CLANG_WARN_CONSTANT_CONVERSION = YES;
				CLANG_WARN_DIRECT_OBJC_ISA_USAGE = YES_ERROR;
				CLANG_WARN_DOCUMENTATION_COMMENTS = YES;
				CLANG_WARN_EMPTY_BODY = YES;
				CLANG_WARN_ENUM_CONVERSION = YES;
				CLANG_WARN_INFINITE_RECURSION = YES;
				CLANG_WARN_INT_CONVERSION = YES;
				CLANG_WARN_NON_LITERAL_NULL_CONVERSION = YES;
				CLANG_WARN_OBJC_LITERAL_CONVERSION = YES;
				CLANG_WARN_OBJC_ROOT_CLASS = YES_ERROR;
				CLANG_WARN_RANGE_LOOP_ANALYSIS = YES;
				CLANG_WARN_STRICT_PROTOTYPES = YES;
				CLANG_WARN_SUSPICIOUS_MOVE = YES;
				CLANG_WARN_UNGUARDED_AVAILABILITY = YES_AGGRESSIVE;
				CLANG_WARN_UNREACHABLE_CODE = YES;
				CLANG_WARN__DUPLICATE_METHOD_MATCH = YES;
				CODE_SIGN_IDENTITY = "iPhone Developer";
				COPY_PHASE_STRIP = NO;
				DEBUG_INFORMATION_FORMAT = "dwarf-with-dsym";
				ENABLE_NS_ASSERTIONS = NO;
				ENABLE_STRICT_OBJC_MSGSEND = YES;
				GCC_C_LANGUAGE_STANDARD = gnu11;
				GCC_NO_COMMON_BLOCKS = YES;
				GCC_WARN_64_TO_32_BIT_CONVERSION = YES;
				GCC_WARN_ABOUT_RETURN_TYPE = YES_ERROR;
				GCC_WARN_UNDECLARED_SELECTOR = YES;
				GCC_WARN_UNINITIALIZED_AUTOS = YES_AGGRESSIVE;
				GCC_WARN_UNUSED_FUNCTION = YES;
				GCC_WARN_UNUSED_VARIABLE = YES;
				IPHONEOS_DEPLOYMENT_TARGET = 11.0;
				MTL_ENABLE_DEBUG_INFO = NO;
				SDKROOT = iphoneos;
				SWIFT_OPTIMIZATION_LEVEL = "-Owholemodule";
				VALIDATE_PRODUCT = YES;
			};
			name = Release;
		};
		1EA8970B1F9F6C8C00038039 /* Debug */ = {
			isa = XCBuildConfiguration;
			buildSettings = {
				ASSETCATALOG_COMPILER_APPICON_NAME = AppIcon;
				CODE_SIGN_STYLE = Automatic;
				DEVELOPMENT_TEAM = X495ZS23NU;
				INFOPLIST_FILE = TestJson/Info.plist;
				LD_RUNPATH_SEARCH_PATHS = "$(inherited) @executable_path/Frameworks";
				PRODUCT_BUNDLE_IDENTIFIER = com.ModiNuovi.TestJson;
				PRODUCT_NAME = "$(TARGET_NAME)";
				SWIFT_VERSION = 4.0;
				TARGETED_DEVICE_FAMILY = "1,2";
			};
			name = Debug;
		};
		1EA8970C1F9F6C8C00038039 /* Release */ = {
			isa = XCBuildConfiguration;
			buildSettings = {
				ASSETCATALOG_COMPILER_APPICON_NAME = AppIcon;
				CODE_SIGN_STYLE = Automatic;
				DEVELOPMENT_TEAM = X495ZS23NU;
				INFOPLIST_FILE = TestJson/Info.plist;
				LD_RUNPATH_SEARCH_PATHS = "$(inherited) @executable_path/Frameworks";
				PRODUCT_BUNDLE_IDENTIFIER = com.ModiNuovi.TestJson;
				PRODUCT_NAME = "$(TARGET_NAME)";
				SWIFT_VERSION = 4.0;
				TARGETED_DEVICE_FAMILY = "1,2";
			};
			name = Release;
		};
/* End XCBuildConfiguration section */

/* Begin XCConfigurationList section */
		1EA896F31F9F6C8C00038039 /* Build configuration list for PBXProject "TestJson" */ = {
			isa = XCConfigurationList;
			buildConfigurations = (
				1EA897081F9F6C8C00038039 /* Debug */,
				1EA897091F9F6C8C00038039 /* Release */,
			);
			defaultConfigurationIsVisible = 0;
			defaultConfigurationName = Release;
		};
		1EA8970A1F9F6C8C00038039 /* Build configuration list for PBXNativeTarget "TestJson" */ = {
			isa = XCConfigurationList;
			buildConfigurations = (
				1EA8970B1F9F6C8C00038039 /* Debug */,
				1EA8970C1F9F6C8C00038039 /* Release */,
			);
			defaultConfigurationIsVisible = 0;
			defaultConfigurationName = Release;
		};
/* End XCConfigurationList section */
	};
	rootObject = 1EA896F01F9F6C8C00038039 /* Project object */;
}
